
Microsoft Visual Studio Solution File, Format Version 12.00
# Visual Studio 15
VisualStudioVersion = 15.0.26228.12
MinimumVisualStudioVersion = 10.0.40219.1
Project("{FAE04EC0-301F-11D3-BF4B-00C04F79EFBC}") = "DatadogSharp", "DatadogSharp\DatadogSharp.csproj", "{28A63227-6AB9-4DB8-82F1-4CEDAEBEFF15}"
EndProject
Project("{FAE04EC0-301F-11D3-BF4B-00C04F79EFBC}") = "SandboxNetCore", "SandboxNetCore\SandboxNetCore.csproj", "{42BCF1DF-E3F7-4B5E-9DCD-5E3959A28058}"
EndProject
Project("{2150E333-8FDC-42A3-9474-1A3956D46DE8}") = "NuGet", "NuGet", "{705A38E8-2171-4628-962D-AF04FE2B24C8}"
	ProjectSection(SolutionItems) = preProject
		DatadogSharp.nuspec = DatadogSharp.nuspec
		pack.bat = pack.bat
		push.bat = push.bat
	EndProjectSection
EndProject
Global
	GlobalSection(SolutionConfigurationPlatforms) = preSolution
		Debug|Any CPU = Debug|Any CPU
		Release|Any CPU = Release|Any CPU
	EndGlobalSection
	GlobalSection(ProjectConfigurationPlatforms) = postSolution
		{28A63227-6AB9-4DB8-82F1-4CEDAEBEFF15}.Debug|Any CPU.ActiveCfg = Debug|Any CPU
		{28A63227-6AB9-4DB8-82F1-4CEDAEBEFF15}.Debug|Any CPU.Build.0 = Debug|Any CPU
		{28A63227-6AB9-4DB8-82F1-4CEDAEBEFF15}.Release|Any CPU.ActiveCfg = Release|Any CPU
		{28A63227-6AB9-4DB8-82F1-4CEDAEBEFF15}.Release|Any CPU.Build.0 = Release|Any CPU
		{42BCF1DF-E3F7-4B5E-9DCD-5E3959A28058}.Debug|Any CPU.ActiveCfg = Debug|Any CPU
		{42BCF1DF-E3F7-4B5E-9DCD-5E3959A28058}.Debug|Any CPU.Build.0 = Debug|Any CPU
		{42BCF1DF-E3F7-4B5E-9DCD-5E3959A28058}.Release|Any CPU.ActiveCfg = Release|Any CPU
		{42BCF1DF-E3F7-4B5E-9DCD-5E3959A28058}.Release|Any CPU.Build.0 = Release|Any CPU
	EndGlobalSection
	GlobalSection(SolutionProperties) = preSolution
		HideSolutionNode = FALSE
	EndGlobalSection
EndGlobal
